
Microsoft Visual Studio Solution File, Format Version 12.00
# Visual Studio 15
VisualStudioVersion = 15.0.28010.2016
MinimumVisualStudioVersion = 10.0.40219.1
Project("{FAE04EC0-301F-11D3-BF4B-00C04F79EFBC}") = "Reflector", "Reflector.Helper.Reflector\Reflector.csproj", "{FD62A5CC-9640-4838-A221-55897CC06541}"
EndProject
Project("{FAE04EC0-301F-11D3-BF4B-00C04F79EFBC}") = "Test", "Reflector.Test\Test.csproj", "{2F301BBB-E94C-4807-8740-10797AF098FF}"
EndProject
Global
	GlobalSection(SolutionConfigurationPlatforms) = preSolution
		Debug|Any CPU = Debug|Any CPU
		Release|Any CPU = Release|Any CPU
	EndGlobalSection
	GlobalSection(ProjectConfigurationPlatforms) = postSolution
		{FD62A5CC-9640-4838-A221-55897CC06541}.Debug|Any CPU.ActiveCfg = Debug|Any CPU
		{FD62A5CC-9640-4838-A221-55897CC06541}.Debug|Any CPU.Build.0 = Debug|Any CPU
		{FD62A5CC-9640-4838-A221-55897CC06541}.Release|Any CPU.ActiveCfg = Release|Any CPU
		{FD62A5CC-9640-4838-A221-55897CC06541}.Release|Any CPU.Build.0 = Release|Any CPU
		{2F301BBB-E94C-4807-8740-10797AF098FF}.Debug|Any CPU.ActiveCfg = Debug|Any CPU
		{2F301BBB-E94C-4807-8740-10797AF098FF}.Debug|Any CPU.Build.0 = Debug|Any CPU
		{2F301BBB-E94C-4807-8740-10797AF098FF}.Release|Any CPU.ActiveCfg = Release|Any CPU
		{2F301BBB-E94C-4807-8740-10797AF098FF}.Release|Any CPU.Build.0 = Release|Any CPU
	EndGlobalSection
	GlobalSection(SolutionProperties) = preSolution
		HideSolutionNode = FALSE
	EndGlobalSection
	GlobalSection(ExtensibilityGlobals) = postSolution
		SolutionGuid = {841560FE-ECFC-4175-B2B6-1F7D221AD46F}
	EndGlobalSection
EndGlobal
